// !$*UTF8*$!
{
	archiveVersion = 1;
	classes = {
	};
	objectVersion = 50;
	objects = {

/* Begin PBXBuildFile section */
		AE7619E4C28681041E67740B /* Pods_Haushalt.framework in Frameworks */ = {isa = PBXBuildFile; fileRef = B2458697D0C93B68B804EFFF /* Pods_Haushalt.framework */; };
		D51766F5228DD026009E64D9 /* UserCell.swift in Sources */ = {isa = PBXBuildFile; fileRef = D51766F4228DD026009E64D9 /* UserCell.swift */; };
		D51CFC2322517DF200C4DE82 /* Friend.swift in Sources */ = {isa = PBXBuildFile; fileRef = D51CFC2222517DF200C4DE82 /* Friend.swift */; };
		D51CFC25225AC78800C4DE82 /* Chats.swift in Sources */ = {isa = PBXBuildFile; fileRef = D51CFC24225AC78800C4DE82 /* Chats.swift */; };
		D51CFC27225AC7D300C4DE82 /* Groups.swift in Sources */ = {isa = PBXBuildFile; fileRef = D51CFC26225AC7D300C4DE82 /* Groups.swift */; };
		D51CFC2922612D1500C4DE82 /* Participation.swift in Sources */ = {isa = PBXBuildFile; fileRef = D51CFC2822612D1500C4DE82 /* Participation.swift */; };
		D51CFC2B22612E2800C4DE82 /* Relationships.swift in Sources */ = {isa = PBXBuildFile; fileRef = D51CFC2A22612E2800C4DE82 /* Relationships.swift */; };
		D5208F562227305600F17F5B /* ChatVC.swift in Sources */ = {isa = PBXBuildFile; fileRef = D5208F552227305600F17F5B /* ChatVC.swift */; };
		D523DE3D219F444E00DF696A /* AppDelegate.swift in Sources */ = {isa = PBXBuildFile; fileRef = D523DE3C219F444E00DF696A /* AppDelegate.swift */; };
		D523DE42219F444E00DF696A /* Main.storyboard in Resources */ = {isa = PBXBuildFile; fileRef = D523DE40219F444E00DF696A /* Main.storyboard */; };
		D523DE44219F445000DF696A /* Assets.xcassets in Resources */ = {isa = PBXBuildFile; fileRef = D523DE43219F445000DF696A /* Assets.xcassets */; };
		D523DE47219F445000DF696A /* LaunchScreen.storyboard in Resources */ = {isa = PBXBuildFile; fileRef = D523DE45219F445000DF696A /* LaunchScreen.storyboard */; };
		D523DE57219F462300DF696A /* LoginVC.swift in Sources */ = {isa = PBXBuildFile; fileRef = D523DE56219F462300DF696A /* LoginVC.swift */; };
		D525235922496EF1001E0D8F /* User.swift in Sources */ = {isa = PBXBuildFile; fileRef = D525235822496EF1001E0D8F /* User.swift */; };
		D52F53F121C899DD002A2E86 /* AuthService.swift in Sources */ = {isa = PBXBuildFile; fileRef = D52F53F021C899DD002A2E86 /* AuthService.swift */; };
		D539BDC621A6766C00C2F90D /* GoogleService-Info.plist in Resources */ = {isa = PBXBuildFile; fileRef = D539BDC521A6766C00C2F90D /* GoogleService-Info.plist */; };
		D539BDC921A6792300C2F90D /* DataService.swift in Sources */ = {isa = PBXBuildFile; fileRef = D539BDC821A6792300C2F90D /* DataService.swift */; };
		D5547F2A2221C807009E1854 /* UpdatedChoresCVC.swift in Sources */ = {isa = PBXBuildFile; fileRef = D5547F292221C807009E1854 /* UpdatedChoresCVC.swift */; };
		D557ED6D220BED4A005DAB76 /* ChoreCellCVC.swift in Sources */ = {isa = PBXBuildFile; fileRef = D557ED6C220BED4A005DAB76 /* ChoreCellCVC.swift */; };
		D5CE12FE2235F7F100A814B6 /* SentMessageCell.swift in Sources */ = {isa = PBXBuildFile; fileRef = D5CE12FC2235F7F100A814B6 /* SentMessageCell.swift */; };
		D5CE12FF2235F7F100A814B6 /* SentMessageCell.xib in Resources */ = {isa = PBXBuildFile; fileRef = D5CE12FD2235F7F100A814B6 /* SentMessageCell.xib */; };
		D5CE13022235F80400A814B6 /* ReceivedMessageCell.swift in Sources */ = {isa = PBXBuildFile; fileRef = D5CE13002235F80400A814B6 /* ReceivedMessageCell.swift */; };
		D5CE13032235F80400A814B6 /* ReceivedMessageCell.xib in Resources */ = {isa = PBXBuildFile; fileRef = D5CE13012235F80400A814B6 /* ReceivedMessageCell.xib */; };
		D5CE13072236CF0200A814B6 /* Message.swift in Sources */ = {isa = PBXBuildFile; fileRef = D5CE13062236CF0200A814B6 /* Message.swift */; };
		D5CE13092239D67D00A814B6 /* GroupsVC.swift in Sources */ = {isa = PBXBuildFile; fileRef = D5CE13082239D67D00A814B6 /* GroupsVC.swift */; };
		D5CE130B2239D68E00A814B6 /* FriendsVC.swift in Sources */ = {isa = PBXBuildFile; fileRef = D5CE130A2239D68E00A814B6 /* FriendsVC.swift */; };
		D5EBE8F021CAD9CF00DA61D6 /* CreateUserVC.swift in Sources */ = {isa = PBXBuildFile; fileRef = D5EBE8EF21CAD9CF00DA61D6 /* CreateUserVC.swift */; };
		D5EBE8F421CADDED00DA61D6 /* Constants.swift in Sources */ = {isa = PBXBuildFile; fileRef = D5EBE8F321CADDED00DA61D6 /* Constants.swift */; };
		D5EBE8F821D0408E00DA61D6 /* Chore.swift in Sources */ = {isa = PBXBuildFile; fileRef = D5EBE8F721D0408E00DA61D6 /* Chore.swift */; };
		D5FDD04F21E0458E004B02A1 /* AddChoreVC.swift in Sources */ = {isa = PBXBuildFile; fileRef = D5FDD04E21E0458E004B02A1 /* AddChoreVC.swift */; };
/* End PBXBuildFile section */

/* Begin PBXFileReference section */
		42604E124277710ED6C68023 /* Pods-Haushalt.debug.xcconfig */ = {isa = PBXFileReference; includeInIndex = 1; lastKnownFileType = text.xcconfig; name = "Pods-Haushalt.debug.xcconfig"; path = "Pods/Target Support Files/Pods-Haushalt/Pods-Haushalt.debug.xcconfig"; sourceTree = "<group>"; };
		82E821E43888B75DCB734E7C /* Pods-Haushalt.release.xcconfig */ = {isa = PBXFileReference; includeInIndex = 1; lastKnownFileType = text.xcconfig; name = "Pods-Haushalt.release.xcconfig"; path = "Pods/Target Support Files/Pods-Haushalt/Pods-Haushalt.release.xcconfig"; sourceTree = "<group>"; };
		B2458697D0C93B68B804EFFF /* Pods_Haushalt.framework */ = {isa = PBXFileReference; explicitFileType = wrapper.framework; includeInIndex = 0; path = Pods_Haushalt.framework; sourceTree = BUILT_PRODUCTS_DIR; };
		D51766F4228DD026009E64D9 /* UserCell.swift */ = {isa = PBXFileReference; lastKnownFileType = sourcecode.swift; path = UserCell.swift; sourceTree = "<group>"; };
		D51CFC2222517DF200C4DE82 /* Friend.swift */ = {isa = PBXFileReference; lastKnownFileType = sourcecode.swift; path = Friend.swift; sourceTree = "<group>"; };
		D51CFC24225AC78800C4DE82 /* Chats.swift */ = {isa = PBXFileReference; lastKnownFileType = sourcecode.swift; path = Chats.swift; sourceTree = "<group>"; };
		D51CFC26225AC7D300C4DE82 /* Groups.swift */ = {isa = PBXFileReference; lastKnownFileType = sourcecode.swift; path = Groups.swift; sourceTree = "<group>"; };
		D51CFC2822612D1500C4DE82 /* Participation.swift */ = {isa = PBXFileReference; lastKnownFileType = sourcecode.swift; path = Participation.swift; sourceTree = "<group>"; };
		D51CFC2A22612E2800C4DE82 /* Relationships.swift */ = {isa = PBXFileReference; lastKnownFileType = sourcecode.swift; path = Relationships.swift; sourceTree = "<group>"; };
		D5208F552227305600F17F5B /* ChatVC.swift */ = {isa = PBXFileReference; lastKnownFileType = sourcecode.swift; path = ChatVC.swift; sourceTree = "<group>"; };
		D523DE39219F444E00DF696A /* Haushalt.app */ = {isa = PBXFileReference; explicitFileType = wrapper.application; includeInIndex = 0; path = Haushalt.app; sourceTree = BUILT_PRODUCTS_DIR; };
		D523DE3C219F444E00DF696A /* AppDelegate.swift */ = {isa = PBXFileReference; lastKnownFileType = sourcecode.swift; path = AppDelegate.swift; sourceTree = "<group>"; };
		D523DE41219F444E00DF696A /* Base */ = {isa = PBXFileReference; lastKnownFileType = file.storyboard; name = Base; path = Base.lproj/Main.storyboard; sourceTree = "<group>"; };
		D523DE43219F445000DF696A /* Assets.xcassets */ = {isa = PBXFileReference; lastKnownFileType = folder.assetcatalog; path = Assets.xcassets; sourceTree = "<group>"; };
		D523DE46219F445000DF696A /* Base */ = {isa = PBXFileReference; lastKnownFileType = file.storyboard; name = Base; path = Base.lproj/LaunchScreen.storyboard; sourceTree = "<group>"; };
		D523DE48219F445000DF696A /* Info.plist */ = {isa = PBXFileReference; lastKnownFileType = text.plist.xml; path = Info.plist; sourceTree = "<group>"; };
		D523DE56219F462300DF696A /* LoginVC.swift */ = {isa = PBXFileReference; lastKnownFileType = sourcecode.swift; path = LoginVC.swift; sourceTree = "<group>"; };
		D525235822496EF1001E0D8F /* User.swift */ = {isa = PBXFileReference; lastKnownFileType = sourcecode.swift; path = User.swift; sourceTree = "<group>"; };
		D52F53F021C899DD002A2E86 /* AuthService.swift */ = {isa = PBXFileReference; lastKnownFileType = sourcecode.swift; path = AuthService.swift; sourceTree = "<group>"; };
		D539BDC521A6766C00C2F90D /* GoogleService-Info.plist */ = {isa = PBXFileReference; fileEncoding = 4; lastKnownFileType = text.plist.xml; path = "GoogleService-Info.plist"; sourceTree = "<group>"; };
		D539BDC821A6792300C2F90D /* DataService.swift */ = {isa = PBXFileReference; lastKnownFileType = sourcecode.swift; path = DataService.swift; sourceTree = "<group>"; };
		D5547F292221C807009E1854 /* UpdatedChoresCVC.swift */ = {isa = PBXFileReference; lastKnownFileType = sourcecode.swift; path = UpdatedChoresCVC.swift; sourceTree = "<group>"; };
		D557ED6C220BED4A005DAB76 /* ChoreCellCVC.swift */ = {isa = PBXFileReference; lastKnownFileType = sourcecode.swift; path = ChoreCellCVC.swift; sourceTree = "<group>"; };
		D5CE12FC2235F7F100A814B6 /* SentMessageCell.swift */ = {isa = PBXFileReference; lastKnownFileType = sourcecode.swift; path = SentMessageCell.swift; sourceTree = "<group>"; };
		D5CE12FD2235F7F100A814B6 /* SentMessageCell.xib */ = {isa = PBXFileReference; lastKnownFileType = file.xib; path = SentMessageCell.xib; sourceTree = "<group>"; };
		D5CE13002235F80400A814B6 /* ReceivedMessageCell.swift */ = {isa = PBXFileReference; lastKnownFileType = sourcecode.swift; path = ReceivedMessageCell.swift; sourceTree = "<group>"; };
		D5CE13012235F80400A814B6 /* ReceivedMessageCell.xib */ = {isa = PBXFileReference; lastKnownFileType = file.xib; path = ReceivedMessageCell.xib; sourceTree = "<group>"; };
		D5CE13062236CF0200A814B6 /* Message.swift */ = {isa = PBXFileReference; lastKnownFileType = sourcecode.swift; path = Message.swift; sourceTree = "<group>"; };
		D5CE13082239D67D00A814B6 /* GroupsVC.swift */ = {isa = PBXFileReference; lastKnownFileType = sourcecode.swift; path = GroupsVC.swift; sourceTree = "<group>"; };
		D5CE130A2239D68E00A814B6 /* FriendsVC.swift */ = {isa = PBXFileReference; lastKnownFileType = sourcecode.swift; path = FriendsVC.swift; sourceTree = "<group>"; };
		D5EBE8EF21CAD9CF00DA61D6 /* CreateUserVC.swift */ = {isa = PBXFileReference; lastKnownFileType = sourcecode.swift; path = CreateUserVC.swift; sourceTree = "<group>"; };
		D5EBE8F321CADDED00DA61D6 /* Constants.swift */ = {isa = PBXFileReference; lastKnownFileType = sourcecode.swift; path = Constants.swift; sourceTree = "<group>"; };
		D5EBE8F721D0408E00DA61D6 /* Chore.swift */ = {isa = PBXFileReference; lastKnownFileType = sourcecode.swift; path = Chore.swift; sourceTree = "<group>"; };
		D5FDD04E21E0458E004B02A1 /* AddChoreVC.swift */ = {isa = PBXFileReference; lastKnownFileType = sourcecode.swift; path = AddChoreVC.swift; sourceTree = "<group>"; };
/* End PBXFileReference section */

/* Begin PBXFrameworksBuildPhase section */
		D523DE36219F444E00DF696A /* Frameworks */ = {
			isa = PBXFrameworksBuildPhase;
			buildActionMask = 2147483647;
			files = (
				AE7619E4C28681041E67740B /* Pods_Haushalt.framework in Frameworks */,
			);
			runOnlyForDeploymentPostprocessing = 0;
		};
/* End PBXFrameworksBuildPhase section */

/* Begin PBXGroup section */
		BB3FCEEBA03D2B0C4C1C0DB2 /* Frameworks */ = {
			isa = PBXGroup;
			children = (
				B2458697D0C93B68B804EFFF /* Pods_Haushalt.framework */,
			);
			name = Frameworks;
			sourceTree = "<group>";
		};
		D523DE30219F444E00DF696A = {
			isa = PBXGroup;
			children = (
				D523DE3B219F444E00DF696A /* Haushalt */,
				D523DE3A219F444E00DF696A /* Products */,
				F17EE49D345938BF2C9FD21B /* Pods */,
				BB3FCEEBA03D2B0C4C1C0DB2 /* Frameworks */,
			);
			sourceTree = "<group>";
		};
		D523DE3A219F444E00DF696A /* Products */ = {
			isa = PBXGroup;
			children = (
				D523DE39219F444E00DF696A /* Haushalt.app */,
			);
			name = Products;
			sourceTree = "<group>";
		};
		D523DE3B219F444E00DF696A /* Haushalt */ = {
			isa = PBXGroup;
			children = (
				D5EBE8F221CADDDC00DA61D6 /* Utilities */,
				D539BDC721A6790A00C2F90D /* Services */,
				D523DE54219F45DE00DF696A /* Model */,
				D523DE53219F45D600DF696A /* VIew */,
				D523DE52219F45CB00DF696A /* Controller */,
				D523DE3C219F444E00DF696A /* AppDelegate.swift */,
				D523DE40219F444E00DF696A /* Main.storyboard */,
				D523DE43219F445000DF696A /* Assets.xcassets */,
				D523DE45219F445000DF696A /* LaunchScreen.storyboard */,
				D523DE48219F445000DF696A /* Info.plist */,
				D539BDC521A6766C00C2F90D /* GoogleService-Info.plist */,
			);
			path = Haushalt;
			sourceTree = "<group>";
		};
		D523DE52219F45CB00DF696A /* Controller */ = {
			isa = PBXGroup;
			children = (
				D5FDD04E21E0458E004B02A1 /* AddChoreVC.swift */,
				D5208F552227305600F17F5B /* ChatVC.swift */,
				D5EBE8EF21CAD9CF00DA61D6 /* CreateUserVC.swift */,
				D5CE130A2239D68E00A814B6 /* FriendsVC.swift */,
				D5CE13082239D67D00A814B6 /* GroupsVC.swift */,
				D523DE56219F462300DF696A /* LoginVC.swift */,
				D5547F292221C807009E1854 /* UpdatedChoresCVC.swift */,
			);
			path = Controller;
			sourceTree = "<group>";
		};
		D523DE53219F45D600DF696A /* VIew */ = {
			isa = PBXGroup;
			children = (
				D5CE12FB2235F7D600A814B6 /* ReceivedMessageCell */,
				D5CE12FA2235F7CB00A814B6 /* SentMessageCell */,
				D557ED6C220BED4A005DAB76 /* ChoreCellCVC.swift */,
				D51766F4228DD026009E64D9 /* UserCell.swift */,
			);
			path = VIew;
			sourceTree = "<group>";
		};
		D523DE54219F45DE00DF696A /* Model */ = {
			isa = PBXGroup;
			children = (
				D51CFC24225AC78800C4DE82 /* Chats.swift */,
				D5EBE8F721D0408E00DA61D6 /* Chore.swift */,
				D51CFC2222517DF200C4DE82 /* Friend.swift */,
				D51CFC26225AC7D300C4DE82 /* Groups.swift */,
				D5CE13062236CF0200A814B6 /* Message.swift */,
				D51CFC2822612D1500C4DE82 /* Participation.swift */,
				D525235822496EF1001E0D8F /* User.swift */,
				D51CFC2A22612E2800C4DE82 /* Relationships.swift */,
			);
			path = Model;
			sourceTree = "<group>";
		};
		D539BDC721A6790A00C2F90D /* Services */ = {
			isa = PBXGroup;
			children = (
				D5EBE8F321CADDED00DA61D6 /* Constants.swift */,
				D539BDC821A6792300C2F90D /* DataService.swift */,
				D52F53F021C899DD002A2E86 /* AuthService.swift */,
			);
			path = Services;
			sourceTree = "<group>";
		};
		D5CE12FA2235F7CB00A814B6 /* SentMessageCell */ = {
			isa = PBXGroup;
			children = (
				D5CE12FC2235F7F100A814B6 /* SentMessageCell.swift */,
				D5CE12FD2235F7F100A814B6 /* SentMessageCell.xib */,
			);
			path = SentMessageCell;
			sourceTree = "<group>";
		};
		D5CE12FB2235F7D600A814B6 /* ReceivedMessageCell */ = {
			isa = PBXGroup;
			children = (
				D5CE13002235F80400A814B6 /* ReceivedMessageCell.swift */,
				D5CE13012235F80400A814B6 /* ReceivedMessageCell.xib */,
			);
			path = ReceivedMessageCell;
			sourceTree = "<group>";
		};
		D5EBE8F221CADDDC00DA61D6 /* Utilities */ = {
			isa = PBXGroup;
			children = (
			);
			path = Utilities;
			sourceTree = "<group>";
		};
		F17EE49D345938BF2C9FD21B /* Pods */ = {
			isa = PBXGroup;
			children = (
				42604E124277710ED6C68023 /* Pods-Haushalt.debug.xcconfig */,
				82E821E43888B75DCB734E7C /* Pods-Haushalt.release.xcconfig */,
			);
			name = Pods;
			sourceTree = "<group>";
		};
/* End PBXGroup section */

/* Begin PBXNativeTarget section */
		D523DE38219F444E00DF696A /* Haushalt */ = {
			isa = PBXNativeTarget;
			buildConfigurationList = D523DE4B219F445000DF696A /* Build configuration list for PBXNativeTarget "Haushalt" */;
			buildPhases = (
				00E26C5054CF26C233013E6A /* [CP] Check Pods Manifest.lock */,
				D523DE35219F444E00DF696A /* Sources */,
				D523DE36219F444E00DF696A /* Frameworks */,
				D523DE37219F444E00DF696A /* Resources */,
				E2B22115AEE87CFF2487CD29 /* [CP] Embed Pods Frameworks */,
			);
			buildRules = (
			);
			dependencies = (
			);
			name = Haushalt;
			productName = Haushalt;
			productReference = D523DE39219F444E00DF696A /* Haushalt.app */;
			productType = "com.apple.product-type.application";
		};
/* End PBXNativeTarget section */

/* Begin PBXProject section */
		D523DE31219F444E00DF696A /* Project object */ = {
			isa = PBXProject;
			attributes = {
				LastSwiftUpdateCheck = 1010;
				LastUpgradeCheck = 1010;
				ORGANIZATIONNAME = "Gatlin Carrier";
				TargetAttributes = {
					D523DE38219F444E00DF696A = {
						CreatedOnToolsVersion = 10.1;
						LastSwiftMigration = 1020;
					};
				};
			};
			buildConfigurationList = D523DE34219F444E00DF696A /* Build configuration list for PBXProject "Haushalt" */;
			compatibilityVersion = "Xcode 9.3";
			developmentRegion = en;
			hasScannedForEncodings = 0;
			knownRegions = (
				en,
				Base,
			);
			mainGroup = D523DE30219F444E00DF696A;
			productRefGroup = D523DE3A219F444E00DF696A /* Products */;
			projectDirPath = "";
			projectRoot = "";
			targets = (
				D523DE38219F444E00DF696A /* Haushalt */,
			);
		};
/* End PBXProject section */

/* Begin PBXResourcesBuildPhase section */
		D523DE37219F444E00DF696A /* Resources */ = {
			isa = PBXResourcesBuildPhase;
			buildActionMask = 2147483647;
			files = (
				D523DE47219F445000DF696A /* LaunchScreen.storyboard in Resources */,
				D539BDC621A6766C00C2F90D /* GoogleService-Info.plist in Resources */,
				D5CE13032235F80400A814B6 /* ReceivedMessageCell.xib in Resources */,
				D523DE44219F445000DF696A /* Assets.xcassets in Resources */,
				D5CE12FF2235F7F100A814B6 /* SentMessageCell.xib in Resources */,
				D523DE42219F444E00DF696A /* Main.storyboard in Resources */,
			);
			runOnlyForDeploymentPostprocessing = 0;
		};
/* End PBXResourcesBuildPhase section */

/* Begin PBXShellScriptBuildPhase section */
		00E26C5054CF26C233013E6A /* [CP] Check Pods Manifest.lock */ = {
			isa = PBXShellScriptBuildPhase;
			buildActionMask = 2147483647;
			files = (
			);
			inputPaths = (
				"${PODS_PODFILE_DIR_PATH}/Podfile.lock",
				"${PODS_ROOT}/Manifest.lock",
			);
			name = "[CP] Check Pods Manifest.lock";
			outputPaths = (
				"$(DERIVED_FILE_DIR)/Pods-Haushalt-checkManifestLockResult.txt",
			);
			runOnlyForDeploymentPostprocessing = 0;
			shellPath = /bin/sh;
			shellScript = "diff \"${PODS_PODFILE_DIR_PATH}/Podfile.lock\" \"${PODS_ROOT}/Manifest.lock\" > /dev/null\nif [ $? != 0 ] ; then\n    # print error to STDERR\n    echo \"error: The sandbox is not in sync with the Podfile.lock. Run 'pod install' or update your CocoaPods installation.\" >&2\n    exit 1\nfi\n# This output is used by Xcode 'outputs' to avoid re-running this script phase.\necho \"SUCCESS\" > \"${SCRIPT_OUTPUT_FILE_0}\"\n";
			showEnvVarsInLog = 0;
		};
		E2B22115AEE87CFF2487CD29 /* [CP] Embed Pods Frameworks */ = {
			isa = PBXShellScriptBuildPhase;
			buildActionMask = 2147483647;
			files = (
			);
			inputPaths = (
				"${SRCROOT}/Pods/Target Support Files/Pods-Haushalt/Pods-Haushalt-frameworks.sh",
				"${BUILT_PRODUCTS_DIR}/BoringSSL/openssl.framework",
				"${BUILT_PRODUCTS_DIR}/GTMSessionFetcher/GTMSessionFetcher.framework",
				"${BUILT_PRODUCTS_DIR}/GoogleToolboxForMac/GoogleToolboxForMac.framework",
				"${BUILT_PRODUCTS_DIR}/Protobuf/Protobuf.framework",
				"${BUILT_PRODUCTS_DIR}/gRPC/GRPCClient.framework",
				"${BUILT_PRODUCTS_DIR}/gRPC-Core/grpc.framework",
				"${BUILT_PRODUCTS_DIR}/gRPC-ProtoRPC/ProtoRPC.framework",
				"${BUILT_PRODUCTS_DIR}/gRPC-RxLibrary/RxLibrary.framework",
				"${BUILT_PRODUCTS_DIR}/leveldb-library/leveldb.framework",
				"${BUILT_PRODUCTS_DIR}/nanopb/nanopb.framework",
			);
			name = "[CP] Embed Pods Frameworks";
			outputPaths = (
				"${TARGET_BUILD_DIR}/${FRAMEWORKS_FOLDER_PATH}/openssl.framework",
				"${TARGET_BUILD_DIR}/${FRAMEWORKS_FOLDER_PATH}/GTMSessionFetcher.framework",
				"${TARGET_BUILD_DIR}/${FRAMEWORKS_FOLDER_PATH}/GoogleToolboxForMac.framework",
				"${TARGET_BUILD_DIR}/${FRAMEWORKS_FOLDER_PATH}/Protobuf.framework",
				"${TARGET_BUILD_DIR}/${FRAMEWORKS_FOLDER_PATH}/GRPCClient.framework",
				"${TARGET_BUILD_DIR}/${FRAMEWORKS_FOLDER_PATH}/grpc.framework",
				"${TARGET_BUILD_DIR}/${FRAMEWORKS_FOLDER_PATH}/ProtoRPC.framework",
				"${TARGET_BUILD_DIR}/${FRAMEWORKS_FOLDER_PATH}/RxLibrary.framework",
				"${TARGET_BUILD_DIR}/${FRAMEWORKS_FOLDER_PATH}/leveldb.framework",
				"${TARGET_BUILD_DIR}/${FRAMEWORKS_FOLDER_PATH}/nanopb.framework",
			);
			runOnlyForDeploymentPostprocessing = 0;
			shellPath = /bin/sh;
			shellScript = "\"${SRCROOT}/Pods/Target Support Files/Pods-Haushalt/Pods-Haushalt-frameworks.sh\"\n";
			showEnvVarsInLog = 0;
		};
/* End PBXShellScriptBuildPhase section */

/* Begin PBXSourcesBuildPhase section */
		D523DE35219F444E00DF696A /* Sources */ = {
			isa = PBXSourcesBuildPhase;
			buildActionMask = 2147483647;
			files = (
				D539BDC921A6792300C2F90D /* DataService.swift in Sources */,
				D5EBE8F021CAD9CF00DA61D6 /* CreateUserVC.swift in Sources */,
				D5CE13092239D67D00A814B6 /* GroupsVC.swift in Sources */,
				D51CFC2922612D1500C4DE82 /* Participation.swift in Sources */,
				D523DE3D219F444E00DF696A /* AppDelegate.swift in Sources */,
				D5CE13022235F80400A814B6 /* ReceivedMessageCell.swift in Sources */,
				D523DE57219F462300DF696A /* LoginVC.swift in Sources */,
				D52F53F121C899DD002A2E86 /* AuthService.swift in Sources */,
				D5EBE8F821D0408E00DA61D6 /* Chore.swift in Sources */,
				D51CFC25225AC78800C4DE82 /* Chats.swift in Sources */,
				D557ED6D220BED4A005DAB76 /* ChoreCellCVC.swift in Sources */,
				D51766F5228DD026009E64D9 /* UserCell.swift in Sources */,
				D5547F2A2221C807009E1854 /* UpdatedChoresCVC.swift in Sources */,
				D5CE130B2239D68E00A814B6 /* FriendsVC.swift in Sources */,
				D5CE12FE2235F7F100A814B6 /* SentMessageCell.swift in Sources */,
				D51CFC2322517DF200C4DE82 /* Friend.swift in Sources */,
				D5FDD04F21E0458E004B02A1 /* AddChoreVC.swift in Sources */,
				D525235922496EF1001E0D8F /* User.swift in Sources */,
				D5CE13072236CF0200A814B6 /* Message.swift in Sources */,
				D5208F562227305600F17F5B /* ChatVC.swift in Sources */,
				D5EBE8F421CADDED00DA61D6 /* Constants.swift in Sources */,
				D51CFC2B22612E2800C4DE82 /* Relationships.swift in Sources */,
				D51CFC27225AC7D300C4DE82 /* Groups.swift in Sources */,
			);
			runOnlyForDeploymentPostprocessing = 0;
		};
/* End PBXSourcesBuildPhase section */

/* Begin PBXVariantGroup section */
		D523DE40219F444E00DF696A /* Main.storyboard */ = {
			isa = PBXVariantGroup;
			children = (
				D523DE41219F444E00DF696A /* Base */,
			);
			name = Main.storyboard;
			sourceTree = "<group>";
		};
		D523DE45219F445000DF696A /* LaunchScreen.storyboard */ = {
			isa = PBXVariantGroup;
			children = (
				D523DE46219F445000DF696A /* Base */,
			);
			name = LaunchScreen.storyboard;
			sourceTree = "<group>";
		};
/* End PBXVariantGroup section */

/* Begin XCBuildConfiguration section */
		D523DE49219F445000DF696A /* Debug */ = {
			isa = XCBuildConfiguration;
			buildSettings = {
				ALWAYS_SEARCH_USER_PATHS = NO;
				CLANG_ANALYZER_NONNULL = YES;
				CLANG_ANALYZER_NUMBER_OBJECT_CONVERSION = YES_AGGRESSIVE;
				CLANG_CXX_LANGUAGE_STANDARD = "gnu++14";
				CLANG_CXX_LIBRARY = "libc++";
				CLANG_ENABLE_MODULES = YES;
				CLANG_ENABLE_OBJC_ARC = YES;
				CLANG_ENABLE_OBJC_WEAK = YES;
				CLANG_WARN_BLOCK_CAPTURE_AUTORELEASING = YES;
				CLANG_WARN_BOOL_CONVERSION = YES;
				CLANG_WARN_COMMA = YES;
				CLANG_WARN_CONSTANT_CONVERSION = YES;
				CLANG_WARN_DEPRECATED_OBJC_IMPLEMENTATIONS = YES;
				CLANG_WARN_DIRECT_OBJC_ISA_USAGE = YES_ERROR;
				CLANG_WARN_DOCUMENTATION_COMMENTS = YES;
				CLANG_WARN_EMPTY_BODY = YES;
				CLANG_WARN_ENUM_CONVERSION = YES;
				CLANG_WARN_INFINITE_RECURSION = YES;
				CLANG_WARN_INT_CONVERSION = YES;
				CLANG_WARN_NON_LITERAL_NULL_CONVERSION = YES;
				CLANG_WARN_OBJC_IMPLICIT_RETAIN_SELF = YES;
				CLANG_WARN_OBJC_LITERAL_CONVERSION = YES;
				CLANG_WARN_OBJC_ROOT_CLASS = YES_ERROR;
				CLANG_WARN_RANGE_LOOP_ANALYSIS = YES;
				CLANG_WARN_STRICT_PROTOTYPES = YES;
				CLANG_WARN_SUSPICIOUS_MOVE = YES;
				CLANG_WARN_UNGUARDED_AVAILABILITY = YES_AGGRESSIVE;
				CLANG_WARN_UNREACHABLE_CODE = YES;
				CLANG_WARN__DUPLICATE_METHOD_MATCH = YES;
				CODE_SIGN_IDENTITY = "iPhone Developer";
				COPY_PHASE_STRIP = NO;
				DEBUG_INFORMATION_FORMAT = dwarf;
				ENABLE_STRICT_OBJC_MSGSEND = YES;
				ENABLE_TESTABILITY = YES;
				GCC_C_LANGUAGE_STANDARD = gnu11;
				GCC_DYNAMIC_NO_PIC = NO;
				GCC_NO_COMMON_BLOCKS = YES;
				GCC_OPTIMIZATION_LEVEL = 0;
				GCC_PREPROCESSOR_DEFINITIONS = (
					"DEBUG=1",
					"$(inherited)",
				);
				GCC_WARN_64_TO_32_BIT_CONVERSION = YES;
				GCC_WARN_ABOUT_RETURN_TYPE = YES_ERROR;
				GCC_WARN_UNDECLARED_SELECTOR = YES;
				GCC_WARN_UNINITIALIZED_AUTOS = YES_AGGRESSIVE;
				GCC_WARN_UNUSED_FUNCTION = YES;
				GCC_WARN_UNUSED_VARIABLE = YES;
				IPHONEOS_DEPLOYMENT_TARGET = 12.1;
				MTL_ENABLE_DEBUG_INFO = INCLUDE_SOURCE;
				MTL_FAST_MATH = YES;
				ONLY_ACTIVE_ARCH = YES;
				SDKROOT = iphoneos;
				SWIFT_ACTIVE_COMPILATION_CONDITIONS = DEBUG;
				SWIFT_OPTIMIZATION_LEVEL = "-Onone";
			};
			name = Debug;
		};
		D523DE4A219F445000DF696A /* Release */ = {
			isa = XCBuildConfiguration;
			buildSettings = {
				ALWAYS_SEARCH_USER_PATHS = NO;
				CLANG_ANALYZER_NONNULL = YES;
				CLANG_ANALYZER_NUMBER_OBJECT_CONVERSION = YES_AGGRESSIVE;
				CLANG_CXX_LANGUAGE_STANDARD = "gnu++14";
				CLANG_CXX_LIBRARY = "libc++";
				CLANG_ENABLE_MODULES = YES;
				CLANG_ENABLE_OBJC_ARC = YES;
				CLANG_ENABLE_OBJC_WEAK = YES;
				CLANG_WARN_BLOCK_CAPTURE_AUTORELEASING = YES;
				CLANG_WARN_BOOL_CONVERSION = YES;
				CLANG_WARN_COMMA = YES;
				CLANG_WARN_CONSTANT_CONVERSION = YES;
				CLANG_WARN_DEPRECATED_OBJC_IMPLEMENTATIONS = YES;
				CLANG_WARN_DIRECT_OBJC_ISA_USAGE = YES_ERROR;
				CLANG_WARN_DOCUMENTATION_COMMENTS = YES;
				CLANG_WARN_EMPTY_BODY = YES;
				CLANG_WARN_ENUM_CONVERSION = YES;
				CLANG_WARN_INFINITE_RECURSION = YES;
				CLANG_WARN_INT_CONVERSION = YES;
				CLANG_WARN_NON_LITERAL_NULL_CONVERSION = YES;
				CLANG_WARN_OBJC_IMPLICIT_RETAIN_SELF = YES;
				CLANG_WARN_OBJC_LITERAL_CONVERSION = YES;
				CLANG_WARN_OBJC_ROOT_CLASS = YES_ERROR;
				CLANG_WARN_RANGE_LOOP_ANALYSIS = YES;
				CLANG_WARN_STRICT_PROTOTYPES = YES;
				CLANG_WARN_SUSPICIOUS_MOVE = YES;
				CLANG_WARN_UNGUARDED_AVAILABILITY = YES_AGGRESSIVE;
				CLANG_WARN_UNREACHABLE_CODE = YES;
				CLANG_WARN__DUPLICATE_METHOD_MATCH = YES;
				CODE_SIGN_IDENTITY = "iPhone Developer";
				COPY_PHASE_STRIP = NO;
				DEBUG_INFORMATION_FORMAT = "dwarf-with-dsym";
				ENABLE_NS_ASSERTIONS = NO;
				ENABLE_STRICT_OBJC_MSGSEND = YES;
				GCC_C_LANGUAGE_STANDARD = gnu11;
				GCC_NO_COMMON_BLOCKS = YES;
				GCC_WARN_64_TO_32_BIT_CONVERSION = YES;
				GCC_WARN_ABOUT_RETURN_TYPE = YES_ERROR;
				GCC_WARN_UNDECLARED_SELECTOR = YES;
				GCC_WARN_UNINITIALIZED_AUTOS = YES_AGGRESSIVE;
				GCC_WARN_UNUSED_FUNCTION = YES;
				GCC_WARN_UNUSED_VARIABLE = YES;
				IPHONEOS_DEPLOYMENT_TARGET = 12.1;
				MTL_ENABLE_DEBUG_INFO = NO;
				MTL_FAST_MATH = YES;
				SDKROOT = iphoneos;
				SWIFT_COMPILATION_MODE = wholemodule;
				SWIFT_OPTIMIZATION_LEVEL = "-O";
				VALIDATE_PRODUCT = YES;
			};
			name = Release;
		};
		D523DE4C219F445000DF696A /* Debug */ = {
			isa = XCBuildConfiguration;
			baseConfigurationReference = 42604E124277710ED6C68023 /* Pods-Haushalt.debug.xcconfig */;
			buildSettings = {
				ASSETCATALOG_COMPILER_APPICON_NAME = AppIcon;
				CODE_SIGN_STYLE = Automatic;
				DEVELOPMENT_TEAM = 8P9BW5VD36;
				INFOPLIST_FILE = Haushalt/Info.plist;
				LD_RUNPATH_SEARCH_PATHS = (
					"$(inherited)",
					"@executable_path/Frameworks",
				);
				PRODUCT_BUNDLE_IDENTIFIER = com.gatlincarrier.Haushalt;
				PRODUCT_NAME = "$(TARGET_NAME)";
				SWIFT_VERSION = 5.0;
				TARGETED_DEVICE_FAMILY = "1,2";
			};
			name = Debug;
		};
		D523DE4D219F445000DF696A /* Release */ = {
			isa = XCBuildConfiguration;
			baseConfigurationReference = 82E821E43888B75DCB734E7C /* Pods-Haushalt.release.xcconfig */;
			buildSettings = {
				ASSETCATALOG_COMPILER_APPICON_NAME = AppIcon;
				CODE_SIGN_STYLE = Automatic;
				DEVELOPMENT_TEAM = 8P9BW5VD36;
				INFOPLIST_FILE = Haushalt/Info.plist;
				LD_RUNPATH_SEARCH_PATHS = (
					"$(inherited)",
					"@executable_path/Frameworks",
				);
				PRODUCT_BUNDLE_IDENTIFIER = com.gatlincarrier.Haushalt;
				PRODUCT_NAME = "$(TARGET_NAME)";
				SWIFT_VERSION = 5.0;
				TARGETED_DEVICE_FAMILY = "1,2";
			};
			name = Release;
		};
/* End XCBuildConfiguration section */

/* Begin XCConfigurationList section */
		D523DE34219F444E00DF696A /* Build configuration list for PBXProject "Haushalt" */ = {
			isa = XCConfigurationList;
			buildConfigurations = (
				D523DE49219F445000DF696A /* Debug */,
				D523DE4A219F445000DF696A /* Release */,
			);
			defaultConfigurationIsVisible = 0;
			defaultConfigurationName = Release;
		};
		D523DE4B219F445000DF696A /* Build configuration list for PBXNativeTarget "Haushalt" */ = {
			isa = XCConfigurationList;
			buildConfigurations = (
				D523DE4C219F445000DF696A /* Debug */,
				D523DE4D219F445000DF696A /* Release */,
			);
			defaultConfigurationIsVisible = 0;
			defaultConfigurationName = Release;
		};
/* End XCConfigurationList section */
	};
	rootObject = D523DE31219F444E00DF696A /* Project object */;
}
